// !$*UTF8*$!
{
	archiveVersion = 1;
	classes = {
	};
	objectVersion = 46;
	objects = {

/* Begin PBXBuildFile section */
		176699331E16C07C0026F471 /* UIAlertController+Builder.swift in Sources */ = {isa = PBXBuildFile; fileRef = 176699321E16C07C0026F471 /* UIAlertController+Builder.swift */; };
		176699391E16C28D0026F471 /* Localizable.strings in Resources */ = {isa = PBXBuildFile; fileRef = 176699371E16C28D0026F471 /* Localizable.strings */; };
		1766993F1E16C5410026F471 /* FaceTrackerPresenter.swift in Sources */ = {isa = PBXBuildFile; fileRef = 1766993E1E16C5410026F471 /* FaceTrackerPresenter.swift */; };
		176699411E16C54C0026F471 /* FaceTrackerModel.swift in Sources */ = {isa = PBXBuildFile; fileRef = 176699401E16C54C0026F471 /* FaceTrackerModel.swift */; };
		176699431E16C57A0026F471 /* FaceTrackerMVP.swift in Sources */ = {isa = PBXBuildFile; fileRef = 176699421E16C57A0026F471 /* FaceTrackerMVP.swift */; };
		176699451E16D71C0026F471 /* CGPoint+Calculations.swift in Sources */ = {isa = PBXBuildFile; fileRef = 176699441E16D71C0026F471 /* CGPoint+Calculations.swift */; };
		176699471E16D8F70026F471 /* UIView+Anchor.swift in Sources */ = {isa = PBXBuildFile; fileRef = 176699461E16D8F70026F471 /* UIView+Anchor.swift */; };
		1766994A1E16DBDA0026F471 /* ActionsMVP.swift in Sources */ = {isa = PBXBuildFile; fileRef = 176699491E16DBDA0026F471 /* ActionsMVP.swift */; };
		1766994C1E16DBF20026F471 /* ActionsView.swift in Sources */ = {isa = PBXBuildFile; fileRef = 1766994B1E16DBF20026F471 /* ActionsView.swift */; };
		1766994E1E16DC210026F471 /* ActionsPresenter.swift in Sources */ = {isa = PBXBuildFile; fileRef = 1766994D1E16DC210026F471 /* ActionsPresenter.swift */; };
		176699501E16DC3B0026F471 /* ActionsModel.swift in Sources */ = {isa = PBXBuildFile; fileRef = 1766994F1E16DC3B0026F471 /* ActionsModel.swift */; };
		176699521E16EAFA0026F471 /* Comparable+Clamp.swift in Sources */ = {isa = PBXBuildFile; fileRef = 176699511E16EAFA0026F471 /* Comparable+Clamp.swift */; };
		CECE81051C7E17E6007345D1 /* AppDelegate.swift in Sources */ = {isa = PBXBuildFile; fileRef = CECE81041C7E17E6007345D1 /* AppDelegate.swift */; };
		CECE81071C7E17E6007345D1 /* FaceTrackerView.swift in Sources */ = {isa = PBXBuildFile; fileRef = CECE81061C7E17E6007345D1 /* FaceTrackerView.swift */; };
		CECE810A1C7E17E6007345D1 /* Main.storyboard in Resources */ = {isa = PBXBuildFile; fileRef = CECE81081C7E17E6007345D1 /* Main.storyboard */; };
		CECE810C1C7E17E6007345D1 /* Assets.xcassets in Resources */ = {isa = PBXBuildFile; fileRef = CECE810B1C7E17E6007345D1 /* Assets.xcassets */; };
		CECE810F1C7E17E6007345D1 /* LaunchScreen.storyboard in Resources */ = {isa = PBXBuildFile; fileRef = CECE810D1C7E17E6007345D1 /* LaunchScreen.storyboard */; };
		CECE81241C7E1B21007345D1 /* FaceTracker.framework in Embed Frameworks */ = {isa = PBXBuildFile; fileRef = CECE81211C7E1B20007345D1 /* FaceTracker.framework */; settings = {ATTRIBUTES = (CodeSignOnCopy, RemoveHeadersOnCopy, ); }; };
		CECE81251C7E1B27007345D1 /* FaceTracker.framework in Frameworks */ = {isa = PBXBuildFile; fileRef = CECE81211C7E1B20007345D1 /* FaceTracker.framework */; };
/* End PBXBuildFile section */

/* Begin PBXCopyFilesBuildPhase section */
		CECE811E1C7E1814007345D1 /* Embed Frameworks */ = {
			isa = PBXCopyFilesBuildPhase;
			buildActionMask = 2147483647;
			dstPath = "";
			dstSubfolderSpec = 10;
			files = (
				CECE81241C7E1B21007345D1 /* FaceTracker.framework in Embed Frameworks */,
			);
			name = "Embed Frameworks";
			runOnlyForDeploymentPostprocessing = 0;
		};
/* End PBXCopyFilesBuildPhase section */

/* Begin PBXFileReference section */
		176699321E16C07C0026F471 /* UIAlertController+Builder.swift */ = {isa = PBXFileReference; fileEncoding = 4; lastKnownFileType = sourcecode.swift; path = "UIAlertController+Builder.swift"; sourceTree = "<group>"; };
		176699381E16C28D0026F471 /* Base */ = {isa = PBXFileReference; lastKnownFileType = text.plist.strings; name = Base; path = Base.lproj/Localizable.strings; sourceTree = "<group>"; };
		1766993E1E16C5410026F471 /* FaceTrackerPresenter.swift */ = {isa = PBXFileReference; fileEncoding = 4; lastKnownFileType = sourcecode.swift; path = FaceTrackerPresenter.swift; sourceTree = "<group>"; };
		176699401E16C54C0026F471 /* FaceTrackerModel.swift */ = {isa = PBXFileReference; fileEncoding = 4; lastKnownFileType = sourcecode.swift; path = FaceTrackerModel.swift; sourceTree = "<group>"; };
		176699421E16C57A0026F471 /* FaceTrackerMVP.swift */ = {isa = PBXFileReference; fileEncoding = 4; lastKnownFileType = sourcecode.swift; path = FaceTrackerMVP.swift; sourceTree = "<group>"; };
		176699441E16D71C0026F471 /* CGPoint+Calculations.swift */ = {isa = PBXFileReference; fileEncoding = 4; lastKnownFileType = sourcecode.swift; path = "CGPoint+Calculations.swift"; sourceTree = "<group>"; };
		176699461E16D8F70026F471 /* UIView+Anchor.swift */ = {isa = PBXFileReference; fileEncoding = 4; lastKnownFileType = sourcecode.swift; path = "UIView+Anchor.swift"; sourceTree = "<group>"; };
		176699491E16DBDA0026F471 /* ActionsMVP.swift */ = {isa = PBXFileReference; fileEncoding = 4; lastKnownFileType = sourcecode.swift; path = ActionsMVP.swift; sourceTree = "<group>"; };
		1766994B1E16DBF20026F471 /* ActionsView.swift */ = {isa = PBXFileReference; fileEncoding = 4; lastKnownFileType = sourcecode.swift; path = ActionsView.swift; sourceTree = "<group>"; };
		1766994D1E16DC210026F471 /* ActionsPresenter.swift */ = {isa = PBXFileReference; fileEncoding = 4; lastKnownFileType = sourcecode.swift; path = ActionsPresenter.swift; sourceTree = "<group>"; };
		1766994F1E16DC3B0026F471 /* ActionsModel.swift */ = {isa = PBXFileReference; fileEncoding = 4; lastKnownFileType = sourcecode.swift; path = ActionsModel.swift; sourceTree = "<group>"; };
		176699511E16EAFA0026F471 /* Comparable+Clamp.swift */ = {isa = PBXFileReference; fileEncoding = 4; lastKnownFileType = sourcecode.swift; path = "Comparable+Clamp.swift"; sourceTree = "<group>"; };
		CECE81011C7E17E6007345D1 /* Demo.app */ = {isa = PBXFileReference; explicitFileType = wrapper.application; includeInIndex = 0; path = Demo.app; sourceTree = BUILT_PRODUCTS_DIR; };
		CECE81041C7E17E6007345D1 /* AppDelegate.swift */ = {isa = PBXFileReference; lastKnownFileType = sourcecode.swift; path = AppDelegate.swift; sourceTree = "<group>"; };
		CECE81061C7E17E6007345D1 /* FaceTrackerView.swift */ = {isa = PBXFileReference; lastKnownFileType = sourcecode.swift; path = FaceTrackerView.swift; sourceTree = "<group>"; };
		CECE81091C7E17E6007345D1 /* Base */ = {isa = PBXFileReference; lastKnownFileType = file.storyboard; name = Base; path = Base.lproj/Main.storyboard; sourceTree = "<group>"; };
		CECE810B1C7E17E6007345D1 /* Assets.xcassets */ = {isa = PBXFileReference; lastKnownFileType = folder.assetcatalog; path = Assets.xcassets; sourceTree = "<group>"; };
		CECE810E1C7E17E6007345D1 /* Base */ = {isa = PBXFileReference; lastKnownFileType = file.storyboard; name = Base; path = Base.lproj/LaunchScreen.storyboard; sourceTree = "<group>"; };
		CECE81101C7E17E6007345D1 /* Info.plist */ = {isa = PBXFileReference; lastKnownFileType = text.plist.xml; path = Info.plist; sourceTree = "<group>"; };
		CECE81211C7E1B20007345D1 /* FaceTracker.framework */ = {isa = PBXFileReference; lastKnownFileType = wrapper.framework; path = FaceTracker.framework; sourceTree = SOURCE_ROOT; };
/* End PBXFileReference section */

/* Begin PBXFrameworksBuildPhase section */
		CECE80FE1C7E17E6007345D1 /* Frameworks */ = {
			isa = PBXFrameworksBuildPhase;
			buildActionMask = 2147483647;
			files = (
				CECE81251C7E1B27007345D1 /* FaceTracker.framework in Frameworks */,
			);
			runOnlyForDeploymentPostprocessing = 0;
		};
/* End PBXFrameworksBuildPhase section */

/* Begin PBXGroup section */
		1766992E1E16BFFB0026F471 /* App */ = {
			isa = PBXGroup;
			children = (
				1766993D1E16C4AF0026F471 /* Face Tracker */,
				176699481E16DBC50026F471 /* Actions */,
				CECE81081C7E17E6007345D1 /* Main.storyboard */,
			);
			name = App;
			sourceTree = "<group>";
		};
		1766992F1E16C0050026F471 /* Extensions */ = {
			isa = PBXGroup;
			children = (
				176699321E16C07C0026F471 /* UIAlertController+Builder.swift */,
				176699441E16D71C0026F471 /* CGPoint+Calculations.swift */,
				176699461E16D8F70026F471 /* UIView+Anchor.swift */,
				176699511E16EAFA0026F471 /* Comparable+Clamp.swift */,
			);
			name = Extensions;
			sourceTree = "<group>";
		};
		176699341E16C2020026F471 /* Localization */ = {
			isa = PBXGroup;
			children = (
				176699371E16C28D0026F471 /* Localizable.strings */,
			);
			name = Localization;
			sourceTree = "<group>";
		};
		1766993D1E16C4AF0026F471 /* Face Tracker */ = {
			isa = PBXGroup;
			children = (
				CECE81061C7E17E6007345D1 /* FaceTrackerView.swift */,
				1766993E1E16C5410026F471 /* FaceTrackerPresenter.swift */,
				176699401E16C54C0026F471 /* FaceTrackerModel.swift */,
				176699421E16C57A0026F471 /* FaceTrackerMVP.swift */,
			);
			name = "Face Tracker";
			sourceTree = "<group>";
		};
		176699481E16DBC50026F471 /* Actions */ = {
			isa = PBXGroup;
			children = (
				1766994B1E16DBF20026F471 /* ActionsView.swift */,
				1766994D1E16DC210026F471 /* ActionsPresenter.swift */,
				1766994F1E16DC3B0026F471 /* ActionsModel.swift */,
				176699491E16DBDA0026F471 /* ActionsMVP.swift */,
			);
			name = Actions;
			sourceTree = "<group>";
		};
		CECE80F81C7E17E6007345D1 = {
			isa = PBXGroup;
			children = (
				CECE81031C7E17E6007345D1 /* Demo */,
				CECE81021C7E17E6007345D1 /* Products */,
			);
			sourceTree = "<group>";
		};
		CECE81021C7E17E6007345D1 /* Products */ = {
			isa = PBXGroup;
			children = (
				CECE81011C7E17E6007345D1 /* Demo.app */,
			);
			name = Products;
			sourceTree = "<group>";
		};
		CECE81031C7E17E6007345D1 /* Demo */ = {
			isa = PBXGroup;
			children = (
				CECE81041C7E17E6007345D1 /* AppDelegate.swift */,
				176699341E16C2020026F471 /* Localization */,
				1766992F1E16C0050026F471 /* Extensions */,
				1766992E1E16BFFB0026F471 /* App */,
				CECE810B1C7E17E6007345D1 /* Assets.xcassets */,
				CECE810D1C7E17E6007345D1 /* LaunchScreen.storyboard */,
				CECE81211C7E1B20007345D1 /* FaceTracker.framework */,
				CECE81101C7E17E6007345D1 /* Info.plist */,
			);
			path = Demo;
			sourceTree = "<group>";
		};
/* End PBXGroup section */

/* Begin PBXNativeTarget section */
		CECE81001C7E17E6007345D1 /* Demo */ = {
			isa = PBXNativeTarget;
			buildConfigurationList = CECE81131C7E17E6007345D1 /* Build configuration list for PBXNativeTarget "Demo" */;
			buildPhases = (
				CECE80FD1C7E17E6007345D1 /* Sources */,
				CECE80FE1C7E17E6007345D1 /* Frameworks */,
				CECE80FF1C7E17E6007345D1 /* Resources */,
				CECE811E1C7E1814007345D1 /* Embed Frameworks */,
			);
			buildRules = (
			);
			dependencies = (
			);
			name = Demo;
			productName = Demo;
			productReference = CECE81011C7E17E6007345D1 /* Demo.app */;
			productType = "com.apple.product-type.application";
		};
/* End PBXNativeTarget section */

/* Begin PBXProject section */
		CECE80F91C7E17E6007345D1 /* Project object */ = {
			isa = PBXProject;
			attributes = {
				LastSwiftUpdateCheck = 0720;
				LastUpgradeCheck = 0810;
				ORGANIZATIONNAME = "ModiFace Inc";
				TargetAttributes = {
					CECE81001C7E17E6007345D1 = {
						CreatedOnToolsVersion = 7.2.1;
						DevelopmentTeam = X25HZTA88L;
						LastSwiftMigration = 0810;
					};
				};
			};
			buildConfigurationList = CECE80FC1C7E17E6007345D1 /* Build configuration list for PBXProject "Demo" */;
			compatibilityVersion = "Xcode 3.2";
			developmentRegion = English;
			hasScannedForEncodings = 0;
			knownRegions = (
				en,
				Base,
			);
			mainGroup = CECE80F81C7E17E6007345D1;
			productRefGroup = CECE81021C7E17E6007345D1 /* Products */;
			projectDirPath = "";
			projectRoot = "";
			targets = (
				CECE81001C7E17E6007345D1 /* Demo */,
			);
		};
/* End PBXProject section */

/* Begin PBXResourcesBuildPhase section */
		CECE80FF1C7E17E6007345D1 /* Resources */ = {
			isa = PBXResourcesBuildPhase;
			buildActionMask = 2147483647;
			files = (
				CECE810F1C7E17E6007345D1 /* LaunchScreen.storyboard in Resources */,
				176699391E16C28D0026F471 /* Localizable.strings in Resources */,
				CECE810C1C7E17E6007345D1 /* Assets.xcassets in Resources */,
				CECE810A1C7E17E6007345D1 /* Main.storyboard in Resources */,
			);
			runOnlyForDeploymentPostprocessing = 0;
		};
/* End PBXResourcesBuildPhase section */

/* Begin PBXSourcesBuildPhase section */
		CECE80FD1C7E17E6007345D1 /* Sources */ = {
			isa = PBXSourcesBuildPhase;
			buildActionMask = 2147483647;
			files = (
				176699411E16C54C0026F471 /* FaceTrackerModel.swift in Sources */,
				1766994A1E16DBDA0026F471 /* ActionsMVP.swift in Sources */,
				1766993F1E16C5410026F471 /* FaceTrackerPresenter.swift in Sources */,
				176699521E16EAFA0026F471 /* Comparable+Clamp.swift in Sources */,
				1766994E1E16DC210026F471 /* ActionsPresenter.swift in Sources */,
				176699451E16D71C0026F471 /* CGPoint+Calculations.swift in Sources */,
				CECE81071C7E17E6007345D1 /* FaceTrackerView.swift in Sources */,
				CECE81051C7E17E6007345D1 /* AppDelegate.swift in Sources */,
				176699501E16DC3B0026F471 /* ActionsModel.swift in Sources */,
				176699471E16D8F70026F471 /* UIView+Anchor.swift in Sources */,
				176699331E16C07C0026F471 /* UIAlertController+Builder.swift in Sources */,
				1766994C1E16DBF20026F471 /* ActionsView.swift in Sources */,
				176699431E16C57A0026F471 /* FaceTrackerMVP.swift in Sources */,
			);
			runOnlyForDeploymentPostprocessing = 0;
		};
/* End PBXSourcesBuildPhase section */

/* Begin PBXVariantGroup section */
		176699371E16C28D0026F471 /* Localizable.strings */ = {
			isa = PBXVariantGroup;
			children = (
				176699381E16C28D0026F471 /* Base */,
			);
			name = Localizable.strings;
			sourceTree = "<group>";
		};
		CECE81081C7E17E6007345D1 /* Main.storyboard */ = {
			isa = PBXVariantGroup;
			children = (
				CECE81091C7E17E6007345D1 /* Base */,
			);
			name = Main.storyboard;
			sourceTree = "<group>";
		};
		CECE810D1C7E17E6007345D1 /* LaunchScreen.storyboard */ = {
			isa = PBXVariantGroup;
			children = (
				CECE810E1C7E17E6007345D1 /* Base */,
			);
			name = LaunchScreen.storyboard;
			sourceTree = "<group>";
		};
/* End PBXVariantGroup section */

/* Begin XCBuildConfiguration section */
		CECE81111C7E17E6007345D1 /* Debug */ = {
			isa = XCBuildConfiguration;
			buildSettings = {
				ALWAYS_SEARCH_USER_PATHS = NO;
				CLANG_CXX_LANGUAGE_STANDARD = "gnu++0x";
				CLANG_CXX_LIBRARY = "libc++";
				CLANG_ENABLE_MODULES = YES;
				CLANG_ENABLE_OBJC_ARC = YES;
				CLANG_WARN_BOOL_CONVERSION = YES;
				CLANG_WARN_CONSTANT_CONVERSION = YES;
				CLANG_WARN_DIRECT_OBJC_ISA_USAGE = YES_ERROR;
				CLANG_WARN_EMPTY_BODY = YES;
				CLANG_WARN_ENUM_CONVERSION = YES;
				CLANG_WARN_INFINITE_RECURSION = YES;
				CLANG_WARN_INT_CONVERSION = YES;
				CLANG_WARN_OBJC_ROOT_CLASS = YES_ERROR;
				CLANG_WARN_SUSPICIOUS_MOVE = YES;
				CLANG_WARN_UNREACHABLE_CODE = YES;
				CLANG_WARN__DUPLICATE_METHOD_MATCH = YES;
				"CODE_SIGN_IDENTITY[sdk=iphoneos*]" = "iPhone Developer";
				COPY_PHASE_STRIP = NO;
				DEBUG_INFORMATION_FORMAT = dwarf;
				ENABLE_STRICT_OBJC_MSGSEND = YES;
				ENABLE_TESTABILITY = YES;
				GCC_C_LANGUAGE_STANDARD = gnu99;
				GCC_DYNAMIC_NO_PIC = NO;
				GCC_NO_COMMON_BLOCKS = YES;
				GCC_OPTIMIZATION_LEVEL = 0;
				GCC_PREPROCESSOR_DEFINITIONS = (
					"DEBUG=1",
					"$(inherited)",
				);
				GCC_WARN_64_TO_32_BIT_CONVERSION = YES;
				GCC_WARN_ABOUT_RETURN_TYPE = YES_ERROR;
				GCC_WARN_UNDECLARED_SELECTOR = YES;
				GCC_WARN_UNINITIALIZED_AUTOS = YES_AGGRESSIVE;
				GCC_WARN_UNUSED_FUNCTION = YES;
				GCC_WARN_UNUSED_VARIABLE = YES;
				IPHONEOS_DEPLOYMENT_TARGET = 9.2;
				MTL_ENABLE_DEBUG_INFO = YES;
				ONLY_ACTIVE_ARCH = YES;
				SDKROOT = iphoneos;
				SWIFT_OPTIMIZATION_LEVEL = "-Onone";
				TARGETED_DEVICE_FAMILY = "1,2";
			};
			name = Debug;
		};
		CECE81121C7E17E6007345D1 /* Release */ = {
			isa = XCBuildConfiguration;
			buildSettings = {
				ALWAYS_SEARCH_USER_PATHS = NO;
				CLANG_CXX_LANGUAGE_STANDARD = "gnu++0x";
				CLANG_CXX_LIBRARY = "libc++";
				CLANG_ENABLE_MODULES = YES;
				CLANG_ENABLE_OBJC_ARC = YES;
				CLANG_WARN_BOOL_CONVERSION = YES;
				CLANG_WARN_CONSTANT_CONVERSION = YES;
				CLANG_WARN_DIRECT_OBJC_ISA_USAGE = YES_ERROR;
				CLANG_WARN_EMPTY_BODY = YES;
				CLANG_WARN_ENUM_CONVERSION = YES;
				CLANG_WARN_INFINITE_RECURSION = YES;
				CLANG_WARN_INT_CONVERSION = YES;
				CLANG_WARN_OBJC_ROOT_CLASS = YES_ERROR;
				CLANG_WARN_SUSPICIOUS_MOVE = YES;
				CLANG_WARN_UNREACHABLE_CODE = YES;
				CLANG_WARN__DUPLICATE_METHOD_MATCH = YES;
				"CODE_SIGN_IDENTITY[sdk=iphoneos*]" = "iPhone Developer";
				COPY_PHASE_STRIP = NO;
				DEBUG_INFORMATION_FORMAT = "dwarf-with-dsym";
				ENABLE_NS_ASSERTIONS = NO;
				ENABLE_STRICT_OBJC_MSGSEND = YES;
				GCC_C_LANGUAGE_STANDARD = gnu99;
				GCC_NO_COMMON_BLOCKS = YES;
				GCC_WARN_64_TO_32_BIT_CONVERSION = YES;
				GCC_WARN_ABOUT_RETURN_TYPE = YES_ERROR;
				GCC_WARN_UNDECLARED_SELECTOR = YES;
				GCC_WARN_UNINITIALIZED_AUTOS = YES_AGGRESSIVE;
				GCC_WARN_UNUSED_FUNCTION = YES;
				GCC_WARN_UNUSED_VARIABLE = YES;
				IPHONEOS_DEPLOYMENT_TARGET = 9.2;
				MTL_ENABLE_DEBUG_INFO = NO;
				SDKROOT = iphoneos;
				SWIFT_OPTIMIZATION_LEVEL = "-Owholemodule";
				TARGETED_DEVICE_FAMILY = "1,2";
				VALIDATE_PRODUCT = YES;
			};
			name = Release;
		};
		CECE81141C7E17E6007345D1 /* Debug */ = {
			isa = XCBuildConfiguration;
			buildSettings = {
				ASSETCATALOG_COMPILER_APPICON_NAME = AppIcon;
				DEVELOPMENT_TEAM = X25HZTA88L;
				ENABLE_BITCODE = NO;
				FRAMEWORK_SEARCH_PATHS = (
					"$(inherited)",
					"$(PROJECT_DIR)/Demo",
					"$(PROJECT_DIR)",
				);
				INFOPLIST_FILE = Demo/Info.plist;
				IPHONEOS_DEPLOYMENT_TARGET = 9.0;
				LD_RUNPATH_SEARCH_PATHS = "$(inherited) @executable_path/Frameworks";
				PRODUCT_BUNDLE_IDENTIFIER = com.dmcapps.facetracker;
				PRODUCT_NAME = "$(TARGET_NAME)";
				SWIFT_VERSION = 3.0;
			};
			name = Debug;
		};
		CECE81151C7E17E6007345D1 /* Release */ = {
			isa = XCBuildConfiguration;
			buildSettings = {
				ASSETCATALOG_COMPILER_APPICON_NAME = AppIcon;
				DEVELOPMENT_TEAM = X25HZTA88L;
				ENABLE_BITCODE = NO;
				FRAMEWORK_SEARCH_PATHS = (
					"$(inherited)",
					"$(PROJECT_DIR)/Demo",
					"$(PROJECT_DIR)",
				);
				INFOPLIST_FILE = Demo/Info.plist;
				IPHONEOS_DEPLOYMENT_TARGET = 9.0;
				LD_RUNPATH_SEARCH_PATHS = "$(inherited) @executable_path/Frameworks";
				PRODUCT_BUNDLE_IDENTIFIER = com.dmcapps.facetracker;
				PRODUCT_NAME = "$(TARGET_NAME)";
				SWIFT_VERSION = 3.0;
			};
			name = Release;
		};
/* End XCBuildConfiguration section */

/* Begin XCConfigurationList section */
		CECE80FC1C7E17E6007345D1 /* Build configuration list for PBXProject "Demo" */ = {
			isa = XCConfigurationList;
			buildConfigurations = (
				CECE81111C7E17E6007345D1 /* Debug */,
				CECE81121C7E17E6007345D1 /* Release */,
			);
			defaultConfigurationIsVisible = 0;
			defaultConfigurationName = Release;
		};
		CECE81131C7E17E6007345D1 /* Build configuration list for PBXNativeTarget "Demo" */ = {
			isa = XCConfigurationList;
			buildConfigurations = (
				CECE81141C7E17E6007345D1 /* Debug */,
				CECE81151C7E17E6007345D1 /* Release */,
			);
			defaultConfigurationIsVisible = 0;
			defaultConfigurationName = Release;
		};
/* End XCConfigurationList section */
	};
	rootObject = CECE80F91C7E17E6007345D1 /* Project object */;
}
